// !$*UTF8*$!
{
	archiveVersion = 1;
	classes = {
	};
	objectVersion = 56;
	objects = {

/* Begin PBXBuildFile section */
		AC439DD02B2F4A69006DCC9D /* UserDetail.swift in Sources */ = {isa = PBXBuildFile; fileRef = AC439DCF2B2F4A69006DCC9D /* UserDetail.swift */; };
		AC5A76E32B2C427000F91FD5 /* Pago_SwiftUIApp.swift in Sources */ = {isa = PBXBuildFile; fileRef = AC5A76E22B2C427000F91FD5 /* Pago_SwiftUIApp.swift */; };
		AC5A76E52B2C427000F91FD5 /* ContentView.swift in Sources */ = {isa = PBXBuildFile; fileRef = AC5A76E42B2C427000F91FD5 /* ContentView.swift */; };
		AC5A76E72B2C427200F91FD5 /* Assets.xcassets in Resources */ = {isa = PBXBuildFile; fileRef = AC5A76E62B2C427200F91FD5 /* Assets.xcassets */; };
		AC5A76EA2B2C427200F91FD5 /* Preview Assets.xcassets in Resources */ = {isa = PBXBuildFile; fileRef = AC5A76E92B2C427200F91FD5 /* Preview Assets.xcassets */; };
		AC5A76F92B2C440700F91FD5 /* UserDTO.swift in Sources */ = {isa = PBXBuildFile; fileRef = AC5A76F82B2C440700F91FD5 /* UserDTO.swift */; };
		AC5A76FB2B2C444600F91FD5 /* APIRequest.swift in Sources */ = {isa = PBXBuildFile; fileRef = AC5A76FA2B2C444600F91FD5 /* APIRequest.swift */; };
		AC5A76FE2B2C4A6B00F91FD5 /* UserModel.swift in Sources */ = {isa = PBXBuildFile; fileRef = AC5A76FD2B2C4A6B00F91FD5 /* UserModel.swift */; };
		AC5A77022B2C4C6500F91FD5 /* UsersViewModel.swift in Sources */ = {isa = PBXBuildFile; fileRef = AC5A77012B2C4C6500F91FD5 /* UsersViewModel.swift */; };
		AC5A77042B2C4C7900F91FD5 /* UsersListView.swift in Sources */ = {isa = PBXBuildFile; fileRef = AC5A77032B2C4C7900F91FD5 /* UsersListView.swift */; };
		AC5A77062B2C4C8700F91FD5 /* UserView.swift in Sources */ = {isa = PBXBuildFile; fileRef = AC5A77052B2C4C8700F91FD5 /* UserView.swift */; };
		AC5A77082B2C4D0700F91FD5 /* FetchAlertModel.swift in Sources */ = {isa = PBXBuildFile; fileRef = AC5A77072B2C4D0700F91FD5 /* FetchAlertModel.swift */; };
		AC5A770A2B2C4D2100F91FD5 /* Localizable.strings in Resources */ = {isa = PBXBuildFile; fileRef = AC5A77092B2C4D2100F91FD5 /* Localizable.strings */; };
		AC647A612B2F582B005193A9 /* UserConstants.swift in Sources */ = {isa = PBXBuildFile; fileRef = AC647A602B2F582B005193A9 /* UserConstants.swift */; };
		AC647A642B2F5850005193A9 /* ImageCache.swift in Sources */ = {isa = PBXBuildFile; fileRef = AC647A632B2F5850005193A9 /* ImageCache.swift */; };
		AC647A662B2F586D005193A9 /* AsyncImageCache.swift in Sources */ = {isa = PBXBuildFile; fileRef = AC647A652B2F586D005193A9 /* AsyncImageCache.swift */; };
		AC647A692B2F6294005193A9 /* CoreDataModel.xcdatamodeld in Sources */ = {isa = PBXBuildFile; fileRef = AC647A672B2F6294005193A9 /* CoreDataModel.xcdatamodeld */; };
		AC647A6C2B2F62DA005193A9 /* CoreDataService.swift in Sources */ = {isa = PBXBuildFile; fileRef = AC647A6B2B2F62DA005193A9 /* CoreDataService.swift */; };
		AC647A6E2B2F65C2005193A9 /* CoreDataAlert.swift in Sources */ = {isa = PBXBuildFile; fileRef = AC647A6D2B2F65C2005193A9 /* CoreDataAlert.swift */; };
		AC647A7E2B2F8645005193A9 /* CoreDataTests.swift in Sources */ = {isa = PBXBuildFile; fileRef = AC647A7D2B2F8645005193A9 /* CoreDataTests.swift */; };
		AC647A812B2F8C0D005193A9 /* APIRequestsTests.swift in Sources */ = {isa = PBXBuildFile; fileRef = AC647A802B2F8C0D005193A9 /* APIRequestsTests.swift */; };
		AC647A832B2F8FBC005193A9 /* MockAPIRequest.swift in Sources */ = {isa = PBXBuildFile; fileRef = AC647A822B2F8FBC005193A9 /* MockAPIRequest.swift */; };
		ACE9DC072B2C616F0096250C /* UserDetailsView.swift in Sources */ = {isa = PBXBuildFile; fileRef = ACE9DC062B2C616F0096250C /* UserDetailsView.swift */; };
		ACE9DC092B2C6B960096250C /* UserDetailsModel.swift in Sources */ = {isa = PBXBuildFile; fileRef = ACE9DC082B2C6B960096250C /* UserDetailsModel.swift */; };
		ACE9DC0F2B2C6D3F0096250C /* InputDetailView.swift in Sources */ = {isa = PBXBuildFile; fileRef = ACE9DC0E2B2C6D3F0096250C /* InputDetailView.swift */; };
/* End PBXBuildFile section */

/* Begin PBXContainerItemProxy section */
		AC647A772B2F8627005193A9 /* PBXContainerItemProxy */ = {
			isa = PBXContainerItemProxy;
			containerPortal = AC5A76D72B2C427000F91FD5 /* Project object */;
			proxyType = 1;
			remoteGlobalIDString = AC5A76DE2B2C427000F91FD5;
			remoteInfo = "Pago-SwiftUI";
		};
/* End PBXContainerItemProxy section */

/* Begin PBXFileReference section */
		AC439DCF2B2F4A69006DCC9D /* UserDetail.swift */ = {isa = PBXFileReference; lastKnownFileType = sourcecode.swift; path = UserDetail.swift; sourceTree = "<group>"; };
		AC5A76DF2B2C427000F91FD5 /* Pago-SwiftUI.app */ = {isa = PBXFileReference; explicitFileType = wrapper.application; includeInIndex = 0; path = "Pago-SwiftUI.app"; sourceTree = BUILT_PRODUCTS_DIR; };
		AC5A76E22B2C427000F91FD5 /* Pago_SwiftUIApp.swift */ = {isa = PBXFileReference; lastKnownFileType = sourcecode.swift; path = Pago_SwiftUIApp.swift; sourceTree = "<group>"; };
		AC5A76E42B2C427000F91FD5 /* ContentView.swift */ = {isa = PBXFileReference; lastKnownFileType = sourcecode.swift; path = ContentView.swift; sourceTree = "<group>"; };
		AC5A76E62B2C427200F91FD5 /* Assets.xcassets */ = {isa = PBXFileReference; lastKnownFileType = folder.assetcatalog; path = Assets.xcassets; sourceTree = "<group>"; };
		AC5A76E92B2C427200F91FD5 /* Preview Assets.xcassets */ = {isa = PBXFileReference; lastKnownFileType = folder.assetcatalog; path = "Preview Assets.xcassets"; sourceTree = "<group>"; };
		AC5A76F82B2C440700F91FD5 /* UserDTO.swift */ = {isa = PBXFileReference; lastKnownFileType = sourcecode.swift; path = UserDTO.swift; sourceTree = "<group>"; };
		AC5A76FA2B2C444600F91FD5 /* APIRequest.swift */ = {isa = PBXFileReference; lastKnownFileType = sourcecode.swift; path = APIRequest.swift; sourceTree = "<group>"; };
		AC5A76FD2B2C4A6B00F91FD5 /* UserModel.swift */ = {isa = PBXFileReference; lastKnownFileType = sourcecode.swift; path = UserModel.swift; sourceTree = "<group>"; };
		AC5A77012B2C4C6500F91FD5 /* UsersViewModel.swift */ = {isa = PBXFileReference; lastKnownFileType = sourcecode.swift; path = UsersViewModel.swift; sourceTree = "<group>"; };
		AC5A77032B2C4C7900F91FD5 /* UsersListView.swift */ = {isa = PBXFileReference; lastKnownFileType = sourcecode.swift; path = UsersListView.swift; sourceTree = "<group>"; };
		AC5A77052B2C4C8700F91FD5 /* UserView.swift */ = {isa = PBXFileReference; lastKnownFileType = sourcecode.swift; path = UserView.swift; sourceTree = "<group>"; };
		AC5A77072B2C4D0700F91FD5 /* FetchAlertModel.swift */ = {isa = PBXFileReference; lastKnownFileType = sourcecode.swift; path = FetchAlertModel.swift; sourceTree = "<group>"; };
		AC5A77092B2C4D2100F91FD5 /* Localizable.strings */ = {isa = PBXFileReference; lastKnownFileType = text.plist.strings; path = Localizable.strings; sourceTree = "<group>"; };
		AC647A602B2F582B005193A9 /* UserConstants.swift */ = {isa = PBXFileReference; lastKnownFileType = sourcecode.swift; path = UserConstants.swift; sourceTree = "<group>"; };
		AC647A632B2F5850005193A9 /* ImageCache.swift */ = {isa = PBXFileReference; lastKnownFileType = sourcecode.swift; path = ImageCache.swift; sourceTree = "<group>"; };
		AC647A652B2F586D005193A9 /* AsyncImageCache.swift */ = {isa = PBXFileReference; lastKnownFileType = sourcecode.swift; path = AsyncImageCache.swift; sourceTree = "<group>"; };
		AC647A682B2F6294005193A9 /* CoreDataModel.xcdatamodel */ = {isa = PBXFileReference; lastKnownFileType = wrapper.xcdatamodel; path = CoreDataModel.xcdatamodel; sourceTree = "<group>"; };
		AC647A6B2B2F62DA005193A9 /* CoreDataService.swift */ = {isa = PBXFileReference; lastKnownFileType = sourcecode.swift; path = CoreDataService.swift; sourceTree = "<group>"; };
		AC647A6D2B2F65C2005193A9 /* CoreDataAlert.swift */ = {isa = PBXFileReference; lastKnownFileType = sourcecode.swift; path = CoreDataAlert.swift; sourceTree = "<group>"; };
		AC647A732B2F8627005193A9 /* Pago-SwiftUITests.xctest */ = {isa = PBXFileReference; explicitFileType = wrapper.cfbundle; includeInIndex = 0; path = "Pago-SwiftUITests.xctest"; sourceTree = BUILT_PRODUCTS_DIR; };
		AC647A7D2B2F8645005193A9 /* CoreDataTests.swift */ = {isa = PBXFileReference; lastKnownFileType = sourcecode.swift; path = CoreDataTests.swift; sourceTree = "<group>"; };
		AC647A802B2F8C0D005193A9 /* APIRequestsTests.swift */ = {isa = PBXFileReference; lastKnownFileType = sourcecode.swift; path = APIRequestsTests.swift; sourceTree = "<group>"; };
		AC647A822B2F8FBC005193A9 /* MockAPIRequest.swift */ = {isa = PBXFileReference; lastKnownFileType = sourcecode.swift; path = MockAPIRequest.swift; sourceTree = "<group>"; };
		ACE9DC062B2C616F0096250C /* UserDetailsView.swift */ = {isa = PBXFileReference; lastKnownFileType = sourcecode.swift; path = UserDetailsView.swift; sourceTree = "<group>"; };
		ACE9DC082B2C6B960096250C /* UserDetailsModel.swift */ = {isa = PBXFileReference; lastKnownFileType = sourcecode.swift; path = UserDetailsModel.swift; sourceTree = "<group>"; };
		ACE9DC0E2B2C6D3F0096250C /* InputDetailView.swift */ = {isa = PBXFileReference; lastKnownFileType = sourcecode.swift; path = InputDetailView.swift; sourceTree = "<group>"; };
/* End PBXFileReference section */

/* Begin PBXFrameworksBuildPhase section */
		AC5A76DC2B2C427000F91FD5 /* Frameworks */ = {
			isa = PBXFrameworksBuildPhase;
			buildActionMask = 2147483647;
			files = (
			);
			runOnlyForDeploymentPostprocessing = 0;
		};
		AC647A702B2F8627005193A9 /* Frameworks */ = {
			isa = PBXFrameworksBuildPhase;
			buildActionMask = 2147483647;
			files = (
			);
			runOnlyForDeploymentPostprocessing = 0;
		};
/* End PBXFrameworksBuildPhase section */

/* Begin PBXGroup section */
		AC439DCD2B2F4A44006DCC9D /* Support */ = {
			isa = PBXGroup;
			children = (
				AC647A6A2B2F62CD005193A9 /* CoreData */,
				AC647A622B2F583F005193A9 /* Cache */,
				AC647A5F2B2F581E005193A9 /* Constants */,
				AC439DCE2B2F4A55006DCC9D /* UserDetail */,
			);
			path = Support;
			sourceTree = "<group>";
		};
		AC439DCE2B2F4A55006DCC9D /* UserDetail */ = {
			isa = PBXGroup;
			children = (
				AC439DCF2B2F4A69006DCC9D /* UserDetail.swift */,
			);
			path = UserDetail;
			sourceTree = "<group>";
		};
		AC5A76D62B2C427000F91FD5 = {
			isa = PBXGroup;
			children = (
				AC5A76E12B2C427000F91FD5 /* Pago-SwiftUI */,
				AC647A742B2F8627005193A9 /* Pago-SwiftUITests */,
				AC5A76E02B2C427000F91FD5 /* Products */,
			);
			sourceTree = "<group>";
		};
		AC5A76E02B2C427000F91FD5 /* Products */ = {
			isa = PBXGroup;
			children = (
				AC5A76DF2B2C427000F91FD5 /* Pago-SwiftUI.app */,
				AC647A732B2F8627005193A9 /* Pago-SwiftUITests.xctest */,
			);
			name = Products;
			sourceTree = "<group>";
		};
		AC5A76E12B2C427000F91FD5 /* Pago-SwiftUI */ = {
			isa = PBXGroup;
			children = (
				AC5A76F02B2C42E500F91FD5 /* Application */,
				AC5A76F22B2C436D00F91FD5 /* Features */,
				AC5A76F52B2C43C300F91FD5 /* Network */,
				AC5A76F12B2C42FB00F91FD5 /* Resources */,
				AC439DCD2B2F4A44006DCC9D /* Support */,
				AC647A672B2F6294005193A9 /* CoreDataModel.xcdatamodeld */,
			);
			path = "Pago-SwiftUI";
			sourceTree = "<group>";
		};
		AC5A76E82B2C427200F91FD5 /* Preview Content */ = {
			isa = PBXGroup;
			children = (
				AC5A76E92B2C427200F91FD5 /* Preview Assets.xcassets */,
			);
			path = "Preview Content";
			sourceTree = "<group>";
		};
		AC5A76F02B2C42E500F91FD5 /* Application */ = {
			isa = PBXGroup;
			children = (
				AC5A76E22B2C427000F91FD5 /* Pago_SwiftUIApp.swift */,
				AC5A76E42B2C427000F91FD5 /* ContentView.swift */,
			);
			path = Application;
			sourceTree = "<group>";
		};
		AC5A76F12B2C42FB00F91FD5 /* Resources */ = {
			isa = PBXGroup;
			children = (
				AC5A76E62B2C427200F91FD5 /* Assets.xcassets */,
				AC5A76E82B2C427200F91FD5 /* Preview Content */,
				AC5A77092B2C4D2100F91FD5 /* Localizable.strings */,
			);
			path = Resources;
			sourceTree = "<group>";
		};
		AC5A76F22B2C436D00F91FD5 /* Features */ = {
			isa = PBXGroup;
			children = (
				ACE9DC0A2B2C6CB80096250C /* UserDetails */,
				AC5A76F32B2C437800F91FD5 /* Users */,
			);
			path = Features;
			sourceTree = "<group>";
		};
		AC5A76F32B2C437800F91FD5 /* Users */ = {
			isa = PBXGroup;
			children = (
				AC5A76FC2B2C4A5B00F91FD5 /* Model */,
				AC5A77002B2C4C4800F91FD5 /* View */,
				AC5A76FF2B2C4C3E00F91FD5 /* ViewModel */,
			);
			path = Users;
			sourceTree = "<group>";
		};
		AC5A76F52B2C43C300F91FD5 /* Network */ = {
			isa = PBXGroup;
			children = (
				AC5A76F62B2C43D800F91FD5 /* APIRequest */,
				AC5A76F72B2C43E800F91FD5 /* UserDTO */,
			);
			path = Network;
			sourceTree = "<group>";
		};
		AC5A76F62B2C43D800F91FD5 /* APIRequest */ = {
			isa = PBXGroup;
			children = (
				AC5A76FA2B2C444600F91FD5 /* APIRequest.swift */,
			);
			path = APIRequest;
			sourceTree = "<group>";
		};
		AC5A76F72B2C43E800F91FD5 /* UserDTO */ = {
			isa = PBXGroup;
			children = (
				AC5A76F82B2C440700F91FD5 /* UserDTO.swift */,
			);
			path = UserDTO;
			sourceTree = "<group>";
		};
		AC5A76FC2B2C4A5B00F91FD5 /* Model */ = {
			isa = PBXGroup;
			children = (
				AC5A76FD2B2C4A6B00F91FD5 /* UserModel.swift */,
				AC5A77072B2C4D0700F91FD5 /* FetchAlertModel.swift */,
			);
			path = Model;
			sourceTree = "<group>";
		};
		AC5A76FF2B2C4C3E00F91FD5 /* ViewModel */ = {
			isa = PBXGroup;
			children = (
				AC5A77012B2C4C6500F91FD5 /* UsersViewModel.swift */,
			);
			path = ViewModel;
			sourceTree = "<group>";
		};
		AC5A77002B2C4C4800F91FD5 /* View */ = {
			isa = PBXGroup;
			children = (
				AC5A77032B2C4C7900F91FD5 /* UsersListView.swift */,
				AC5A77052B2C4C8700F91FD5 /* UserView.swift */,
			);
			path = View;
			sourceTree = "<group>";
		};
		AC647A5F2B2F581E005193A9 /* Constants */ = {
			isa = PBXGroup;
			children = (
				AC647A602B2F582B005193A9 /* UserConstants.swift */,
			);
			path = Constants;
			sourceTree = "<group>";
		};
		AC647A622B2F583F005193A9 /* Cache */ = {
			isa = PBXGroup;
			children = (
				AC647A632B2F5850005193A9 /* ImageCache.swift */,
				AC647A652B2F586D005193A9 /* AsyncImageCache.swift */,
			);
			path = Cache;
			sourceTree = "<group>";
		};
		AC647A6A2B2F62CD005193A9 /* CoreData */ = {
			isa = PBXGroup;
			children = (
				AC647A6B2B2F62DA005193A9 /* CoreDataService.swift */,
				AC647A6D2B2F65C2005193A9 /* CoreDataAlert.swift */,
			);
			path = CoreData;
			sourceTree = "<group>";
		};
		AC647A742B2F8627005193A9 /* Pago-SwiftUITests */ = {
			isa = PBXGroup;
			children = (
				AC647A7F2B2F8BF5005193A9 /* APIRequestTests */,
				AC647A7C2B2F862E005193A9 /* CoreDataTests */,
			);
			path = "Pago-SwiftUITests";
			sourceTree = "<group>";
		};
		AC647A7C2B2F862E005193A9 /* CoreDataTests */ = {
			isa = PBXGroup;
			children = (
				AC647A7D2B2F8645005193A9 /* CoreDataTests.swift */,
			);
			path = CoreDataTests;
			sourceTree = "<group>";
		};
		AC647A7F2B2F8BF5005193A9 /* APIRequestTests */ = {
			isa = PBXGroup;
			children = (
				AC647A802B2F8C0D005193A9 /* APIRequestsTests.swift */,
				AC647A822B2F8FBC005193A9 /* MockAPIRequest.swift */,
			);
			path = APIRequestTests;
			sourceTree = "<group>";
		};
		ACE9DC0A2B2C6CB80096250C /* UserDetails */ = {
			isa = PBXGroup;
			children = (
				ACE9DC0B2B2C6CBE0096250C /* Model */,
				ACE9DC0D2B2C6CD20096250C /* View */,
				ACE9DC0C2B2C6CCC0096250C /* ViewModel */,
			);
			path = UserDetails;
			sourceTree = "<group>";
		};
		ACE9DC0B2B2C6CBE0096250C /* Model */ = {
			isa = PBXGroup;
			children = (
				ACE9DC082B2C6B960096250C /* UserDetailsModel.swift */,
			);
			path = Model;
			sourceTree = "<group>";
		};
		ACE9DC0C2B2C6CCC0096250C /* ViewModel */ = {
			isa = PBXGroup;
			children = (
			);
			path = ViewModel;
			sourceTree = "<group>";
		};
		ACE9DC0D2B2C6CD20096250C /* View */ = {
			isa = PBXGroup;
			children = (
				ACE9DC062B2C616F0096250C /* UserDetailsView.swift */,
				ACE9DC0E2B2C6D3F0096250C /* InputDetailView.swift */,
			);
			path = View;
			sourceTree = "<group>";
		};
/* End PBXGroup section */

/* Begin PBXNativeTarget section */
		AC5A76DE2B2C427000F91FD5 /* Pago-SwiftUI */ = {
			isa = PBXNativeTarget;
			buildConfigurationList = AC5A76ED2B2C427200F91FD5 /* Build configuration list for PBXNativeTarget "Pago-SwiftUI" */;
			buildPhases = (
				AC5A76DB2B2C427000F91FD5 /* Sources */,
				AC5A76DC2B2C427000F91FD5 /* Frameworks */,
				AC5A76DD2B2C427000F91FD5 /* Resources */,
			);
			buildRules = (
			);
			dependencies = (
			);
			name = "Pago-SwiftUI";
			productName = "Pago-SwiftUI";
			productReference = AC5A76DF2B2C427000F91FD5 /* Pago-SwiftUI.app */;
			productType = "com.apple.product-type.application";
		};
		AC647A722B2F8627005193A9 /* Pago-SwiftUITests */ = {
			isa = PBXNativeTarget;
			buildConfigurationList = AC647A792B2F8627005193A9 /* Build configuration list for PBXNativeTarget "Pago-SwiftUITests" */;
			buildPhases = (
				AC647A6F2B2F8627005193A9 /* Sources */,
				AC647A702B2F8627005193A9 /* Frameworks */,
				AC647A712B2F8627005193A9 /* Resources */,
			);
			buildRules = (
			);
			dependencies = (
				AC647A782B2F8627005193A9 /* PBXTargetDependency */,
			);
			name = "Pago-SwiftUITests";
			productName = "Pago-SwiftUITests";
			productReference = AC647A732B2F8627005193A9 /* Pago-SwiftUITests.xctest */;
			productType = "com.apple.product-type.bundle.unit-test";
		};
/* End PBXNativeTarget section */

/* Begin PBXProject section */
		AC5A76D72B2C427000F91FD5 /* Project object */ = {
			isa = PBXProject;
			attributes = {
				BuildIndependentTargetsInParallel = 1;
				LastSwiftUpdateCheck = 1500;
				LastUpgradeCheck = 1500;
				TargetAttributes = {
					AC5A76DE2B2C427000F91FD5 = {
						CreatedOnToolsVersion = 15.0.1;
					};
					AC647A722B2F8627005193A9 = {
						CreatedOnToolsVersion = 15.0.1;
						TestTargetID = AC5A76DE2B2C427000F91FD5;
					};
				};
			};
			buildConfigurationList = AC5A76DA2B2C427000F91FD5 /* Build configuration list for PBXProject "Pago-SwiftUI" */;
			compatibilityVersion = "Xcode 14.0";
			developmentRegion = en;
			hasScannedForEncodings = 0;
			knownRegions = (
				en,
				Base,
			);
			mainGroup = AC5A76D62B2C427000F91FD5;
			productRefGroup = AC5A76E02B2C427000F91FD5 /* Products */;
			projectDirPath = "";
			projectRoot = "";
			targets = (
				AC5A76DE2B2C427000F91FD5 /* Pago-SwiftUI */,
				AC647A722B2F8627005193A9 /* Pago-SwiftUITests */,
			);
		};
/* End PBXProject section */

/* Begin PBXResourcesBuildPhase section */
		AC5A76DD2B2C427000F91FD5 /* Resources */ = {
			isa = PBXResourcesBuildPhase;
			buildActionMask = 2147483647;
			files = (
				AC5A76EA2B2C427200F91FD5 /* Preview Assets.xcassets in Resources */,
				AC5A770A2B2C4D2100F91FD5 /* Localizable.strings in Resources */,
				AC5A76E72B2C427200F91FD5 /* Assets.xcassets in Resources */,
			);
			runOnlyForDeploymentPostprocessing = 0;
		};
		AC647A712B2F8627005193A9 /* Resources */ = {
			isa = PBXResourcesBuildPhase;
			buildActionMask = 2147483647;
			files = (
			);
			runOnlyForDeploymentPostprocessing = 0;
		};
/* End PBXResourcesBuildPhase section */

/* Begin PBXSourcesBuildPhase section */
		AC5A76DB2B2C427000F91FD5 /* Sources */ = {
			isa = PBXSourcesBuildPhase;
			buildActionMask = 2147483647;
			files = (
				AC647A642B2F5850005193A9 /* ImageCache.swift in Sources */,
				AC5A76F92B2C440700F91FD5 /* UserDTO.swift in Sources */,
				AC5A77022B2C4C6500F91FD5 /* UsersViewModel.swift in Sources */,
				AC5A77042B2C4C7900F91FD5 /* UsersListView.swift in Sources */,
				AC5A77062B2C4C8700F91FD5 /* UserView.swift in Sources */,
				AC647A662B2F586D005193A9 /* AsyncImageCache.swift in Sources */,
				AC5A76E52B2C427000F91FD5 /* ContentView.swift in Sources */,
				AC5A77082B2C4D0700F91FD5 /* FetchAlertModel.swift in Sources */,
				AC647A692B2F6294005193A9 /* CoreDataModel.xcdatamodeld in Sources */,
				AC5A76FB2B2C444600F91FD5 /* APIRequest.swift in Sources */,
				AC439DD02B2F4A69006DCC9D /* UserDetail.swift in Sources */,
				AC647A6E2B2F65C2005193A9 /* CoreDataAlert.swift in Sources */,
				ACE9DC072B2C616F0096250C /* UserDetailsView.swift in Sources */,
				AC5A76FE2B2C4A6B00F91FD5 /* UserModel.swift in Sources */,
				AC647A612B2F582B005193A9 /* UserConstants.swift in Sources */,
				ACE9DC092B2C6B960096250C /* UserDetailsModel.swift in Sources */,
				AC5A76E32B2C427000F91FD5 /* Pago_SwiftUIApp.swift in Sources */,
				AC647A6C2B2F62DA005193A9 /* CoreDataService.swift in Sources */,
				ACE9DC0F2B2C6D3F0096250C /* InputDetailView.swift in Sources */,
			);
			runOnlyForDeploymentPostprocessing = 0;
		};
		AC647A6F2B2F8627005193A9 /* Sources */ = {
			isa = PBXSourcesBuildPhase;
			buildActionMask = 2147483647;
			files = (
				AC647A812B2F8C0D005193A9 /* APIRequestsTests.swift in Sources */,
				AC647A7E2B2F8645005193A9 /* CoreDataTests.swift in Sources */,
				AC647A832B2F8FBC005193A9 /* MockAPIRequest.swift in Sources */,
			);
			runOnlyForDeploymentPostprocessing = 0;
		};
/* End PBXSourcesBuildPhase section */

/* Begin PBXTargetDependency section */
		AC647A782B2F8627005193A9 /* PBXTargetDependency */ = {
			isa = PBXTargetDependency;
			target = AC5A76DE2B2C427000F91FD5 /* Pago-SwiftUI */;
			targetProxy = AC647A772B2F8627005193A9 /* PBXContainerItemProxy */;
		};
/* End PBXTargetDependency section */

/* Begin XCBuildConfiguration section */
		AC5A76EB2B2C427200F91FD5 /* Debug */ = {
			isa = XCBuildConfiguration;
			buildSettings = {
				ALWAYS_SEARCH_USER_PATHS = NO;
				ASSETCATALOG_COMPILER_GENERATE_SWIFT_ASSET_SYMBOL_EXTENSIONS = YES;
				CLANG_ANALYZER_NONNULL = YES;
				CLANG_ANALYZER_NUMBER_OBJECT_CONVERSION = YES_AGGRESSIVE;
				CLANG_CXX_LANGUAGE_STANDARD = "gnu++20";
				CLANG_ENABLE_MODULES = YES;
				CLANG_ENABLE_OBJC_ARC = YES;
				CLANG_ENABLE_OBJC_WEAK = YES;
				CLANG_WARN_BLOCK_CAPTURE_AUTORELEASING = YES;
				CLANG_WARN_BOOL_CONVERSION = YES;
				CLANG_WARN_COMMA = YES;
				CLANG_WARN_CONSTANT_CONVERSION = YES;
				CLANG_WARN_DEPRECATED_OBJC_IMPLEMENTATIONS = YES;
				CLANG_WARN_DIRECT_OBJC_ISA_USAGE = YES_ERROR;
				CLANG_WARN_DOCUMENTATION_COMMENTS = YES;
				CLANG_WARN_EMPTY_BODY = YES;
				CLANG_WARN_ENUM_CONVERSION = YES;
				CLANG_WARN_INFINITE_RECURSION = YES;
				CLANG_WARN_INT_CONVERSION = YES;
				CLANG_WARN_NON_LITERAL_NULL_CONVERSION = YES;
				CLANG_WARN_OBJC_IMPLICIT_RETAIN_SELF = YES;
				CLANG_WARN_OBJC_LITERAL_CONVERSION = YES;
				CLANG_WARN_OBJC_ROOT_CLASS = YES_ERROR;
				CLANG_WARN_QUOTED_INCLUDE_IN_FRAMEWORK_HEADER = YES;
				CLANG_WARN_RANGE_LOOP_ANALYSIS = YES;
				CLANG_WARN_STRICT_PROTOTYPES = YES;
				CLANG_WARN_SUSPICIOUS_MOVE = YES;
				CLANG_WARN_UNGUARDED_AVAILABILITY = YES_AGGRESSIVE;
				CLANG_WARN_UNREACHABLE_CODE = YES;
				CLANG_WARN__DUPLICATE_METHOD_MATCH = YES;
				COPY_PHASE_STRIP = NO;
				DEBUG_INFORMATION_FORMAT = dwarf;
				ENABLE_STRICT_OBJC_MSGSEND = YES;
				ENABLE_TESTABILITY = YES;
				ENABLE_USER_SCRIPT_SANDBOXING = YES;
				GCC_C_LANGUAGE_STANDARD = gnu17;
				GCC_DYNAMIC_NO_PIC = NO;
				GCC_NO_COMMON_BLOCKS = YES;
				GCC_OPTIMIZATION_LEVEL = 0;
				GCC_PREPROCESSOR_DEFINITIONS = (
					"DEBUG=1",
					"$(inherited)",
				);
				GCC_WARN_64_TO_32_BIT_CONVERSION = YES;
				GCC_WARN_ABOUT_RETURN_TYPE = YES_ERROR;
				GCC_WARN_UNDECLARED_SELECTOR = YES;
				GCC_WARN_UNINITIALIZED_AUTOS = YES_AGGRESSIVE;
				GCC_WARN_UNUSED_FUNCTION = YES;
				GCC_WARN_UNUSED_VARIABLE = YES;
				IPHONEOS_DEPLOYMENT_TARGET = 17.0;
				LOCALIZATION_PREFERS_STRING_CATALOGS = YES;
				MTL_ENABLE_DEBUG_INFO = INCLUDE_SOURCE;
				MTL_FAST_MATH = YES;
				ONLY_ACTIVE_ARCH = YES;
				SDKROOT = iphoneos;
				SWIFT_ACTIVE_COMPILATION_CONDITIONS = "DEBUG $(inherited)";
				SWIFT_OPTIMIZATION_LEVEL = "-Onone";
			};
			name = Debug;
		};
		AC5A76EC2B2C427200F91FD5 /* Release */ = {
			isa = XCBuildConfiguration;
			buildSettings = {
				ALWAYS_SEARCH_USER_PATHS = NO;
				ASSETCATALOG_COMPILER_GENERATE_SWIFT_ASSET_SYMBOL_EXTENSIONS = YES;
				CLANG_ANALYZER_NONNULL = YES;
				CLANG_ANALYZER_NUMBER_OBJECT_CONVERSION = YES_AGGRESSIVE;
				CLANG_CXX_LANGUAGE_STANDARD = "gnu++20";
				CLANG_ENABLE_MODULES = YES;
				CLANG_ENABLE_OBJC_ARC = YES;
				CLANG_ENABLE_OBJC_WEAK = YES;
				CLANG_WARN_BLOCK_CAPTURE_AUTORELEASING = YES;
				CLANG_WARN_BOOL_CONVERSION = YES;
				CLANG_WARN_COMMA = YES;
				CLANG_WARN_CONSTANT_CONVERSION = YES;
				CLANG_WARN_DEPRECATED_OBJC_IMPLEMENTATIONS = YES;
				CLANG_WARN_DIRECT_OBJC_ISA_USAGE = YES_ERROR;
				CLANG_WARN_DOCUMENTATION_COMMENTS = YES;
				CLANG_WARN_EMPTY_BODY = YES;
				CLANG_WARN_ENUM_CONVERSION = YES;
				CLANG_WARN_INFINITE_RECURSION = YES;
				CLANG_WARN_INT_CONVERSION = YES;
				CLANG_WARN_NON_LITERAL_NULL_CONVERSION = YES;
				CLANG_WARN_OBJC_IMPLICIT_RETAIN_SELF = YES;
				CLANG_WARN_OBJC_LITERAL_CONVERSION = YES;
				CLANG_WARN_OBJC_ROOT_CLASS = YES_ERROR;
				CLANG_WARN_QUOTED_INCLUDE_IN_FRAMEWORK_HEADER = YES;
				CLANG_WARN_RANGE_LOOP_ANALYSIS = YES;
				CLANG_WARN_STRICT_PROTOTYPES = YES;
				CLANG_WARN_SUSPICIOUS_MOVE = YES;
				CLANG_WARN_UNGUARDED_AVAILABILITY = YES_AGGRESSIVE;
				CLANG_WARN_UNREACHABLE_CODE = YES;
				CLANG_WARN__DUPLICATE_METHOD_MATCH = YES;
				COPY_PHASE_STRIP = NO;
				DEBUG_INFORMATION_FORMAT = "dwarf-with-dsym";
				ENABLE_NS_ASSERTIONS = NO;
				ENABLE_STRICT_OBJC_MSGSEND = YES;
				ENABLE_USER_SCRIPT_SANDBOXING = YES;
				GCC_C_LANGUAGE_STANDARD = gnu17;
				GCC_NO_COMMON_BLOCKS = YES;
				GCC_WARN_64_TO_32_BIT_CONVERSION = YES;
				GCC_WARN_ABOUT_RETURN_TYPE = YES_ERROR;
				GCC_WARN_UNDECLARED_SELECTOR = YES;
				GCC_WARN_UNINITIALIZED_AUTOS = YES_AGGRESSIVE;
				GCC_WARN_UNUSED_FUNCTION = YES;
				GCC_WARN_UNUSED_VARIABLE = YES;
				IPHONEOS_DEPLOYMENT_TARGET = 17.0;
				LOCALIZATION_PREFERS_STRING_CATALOGS = YES;
				MTL_ENABLE_DEBUG_INFO = NO;
				MTL_FAST_MATH = YES;
				SDKROOT = iphoneos;
				SWIFT_COMPILATION_MODE = wholemodule;
				VALIDATE_PRODUCT = YES;
			};
			name = Release;
		};
		AC5A76EE2B2C427200F91FD5 /* Debug */ = {
			isa = XCBuildConfiguration;
			buildSettings = {
				ASSETCATALOG_COMPILER_APPICON_NAME = AppIcon;
				ASSETCATALOG_COMPILER_GLOBAL_ACCENT_COLOR_NAME = AccentColor;
				CODE_SIGN_STYLE = Automatic;
				CURRENT_PROJECT_VERSION = 1;
				DEVELOPMENT_ASSET_PATHS = "\"Pago-SwiftUI/Resources/Preview Content\"";
				DEVELOPMENT_TEAM = 63XWRVA4JU;
				ENABLE_PREVIEWS = YES;
				GENERATE_INFOPLIST_FILE = YES;
				INFOPLIST_KEY_UIApplicationSceneManifest_Generation = YES;
				INFOPLIST_KEY_UIApplicationSupportsIndirectInputEvents = YES;
				INFOPLIST_KEY_UILaunchScreen_Generation = YES;
				INFOPLIST_KEY_UISupportedInterfaceOrientations_iPad = "UIInterfaceOrientationPortrait UIInterfaceOrientationPortraitUpsideDown UIInterfaceOrientationLandscapeLeft UIInterfaceOrientationLandscapeRight";
				INFOPLIST_KEY_UISupportedInterfaceOrientations_iPhone = "UIInterfaceOrientationPortrait UIInterfaceOrientationLandscapeLeft UIInterfaceOrientationLandscapeRight";
				IPHONEOS_DEPLOYMENT_TARGET = 16.0;
				LD_RUNPATH_SEARCH_PATHS = (
					"$(inherited)",
					"@executable_path/Frameworks",
				);
				MARKETING_VERSION = 1.0;
				PRODUCT_BUNDLE_IDENTIFIER = "CIC.Pago-SwiftUI";
				PRODUCT_NAME = "$(TARGET_NAME)";
				SWIFT_EMIT_LOC_STRINGS = YES;
				SWIFT_STRICT_CONCURRENCY = complete;
				SWIFT_VERSION = 5.0;
				TARGETED_DEVICE_FAMILY = "1,2";
			};
			name = Debug;
		};
		AC5A76EF2B2C427200F91FD5 /* Release */ = {
			isa = XCBuildConfiguration;
			buildSettings = {
				ASSETCATALOG_COMPILER_APPICON_NAME = AppIcon;
				ASSETCATALOG_COMPILER_GLOBAL_ACCENT_COLOR_NAME = AccentColor;
				CODE_SIGN_STYLE = Automatic;
				CURRENT_PROJECT_VERSION = 1;
				DEVELOPMENT_ASSET_PATHS = "\"Pago-SwiftUI/Resources/Preview Content\"";
				DEVELOPMENT_TEAM = 63XWRVA4JU;
				ENABLE_PREVIEWS = YES;
				GENERATE_INFOPLIST_FILE = YES;
				INFOPLIST_KEY_UIApplicationSceneManifest_Generation = YES;
				INFOPLIST_KEY_UIApplicationSupportsIndirectInputEvents = YES;
				INFOPLIST_KEY_UILaunchScreen_Generation = YES;
				INFOPLIST_KEY_UISupportedInterfaceOrientations_iPad = "UIInterfaceOrientationPortrait UIInterfaceOrientationPortraitUpsideDown UIInterfaceOrientationLandscapeLeft UIInterfaceOrientationLandscapeRight";
				INFOPLIST_KEY_UISupportedInterfaceOrientations_iPhone = "UIInterfaceOrientationPortrait UIInterfaceOrientationLandscapeLeft UIInterfaceOrientationLandscapeRight";
				IPHONEOS_DEPLOYMENT_TARGET = 16.0;
				LD_RUNPATH_SEARCH_PATHS = (
					"$(inherited)",
					"@executable_path/Frameworks",
				);
				MARKETING_VERSION = 1.0;
				PRODUCT_BUNDLE_IDENTIFIER = "CIC.Pago-SwiftUI";
				PRODUCT_NAME = "$(TARGET_NAME)";
				SWIFT_EMIT_LOC_STRINGS = YES;
				SWIFT_STRICT_CONCURRENCY = complete;
				SWIFT_VERSION = 5.0;
				TARGETED_DEVICE_FAMILY = "1,2";
			};
			name = Release;
		};
		AC647A7A2B2F8627005193A9 /* Debug */ = {
			isa = XCBuildConfiguration;
			buildSettings = {
				BUNDLE_LOADER = "$(TEST_HOST)";
				CODE_SIGN_STYLE = Automatic;
				CURRENT_PROJECT_VERSION = 1;
				DEVELOPMENT_TEAM = 63XWRVA4JU;
				GENERATE_INFOPLIST_FILE = YES;
				MARKETING_VERSION = 1.0;
				PRODUCT_BUNDLE_IDENTIFIER = "CIC.Pago-SwiftUITests";
				PRODUCT_NAME = "$(TARGET_NAME)";
				SWIFT_EMIT_LOC_STRINGS = NO;
				SWIFT_VERSION = 5.0;
				TARGETED_DEVICE_FAMILY = "1,2";
				TEST_HOST = "$(BUILT_PRODUCTS_DIR)/Pago-SwiftUI.app/$(BUNDLE_EXECUTABLE_FOLDER_PATH)/Pago-SwiftUI";
			};
			name = Debug;
		};
		AC647A7B2B2F8627005193A9 /* Release */ = {
			isa = XCBuildConfiguration;
			buildSettings = {
				BUNDLE_LOADER = "$(TEST_HOST)";
				CODE_SIGN_STYLE = Automatic;
				CURRENT_PROJECT_VERSION = 1;
				DEVELOPMENT_TEAM = 63XWRVA4JU;
				GENERATE_INFOPLIST_FILE = YES;
				MARKETING_VERSION = 1.0;
				PRODUCT_BUNDLE_IDENTIFIER = "CIC.Pago-SwiftUITests";
				PRODUCT_NAME = "$(TARGET_NAME)";
				SWIFT_EMIT_LOC_STRINGS = NO;
				SWIFT_VERSION = 5.0;
				TARGETED_DEVICE_FAMILY = "1,2";
				TEST_HOST = "$(BUILT_PRODUCTS_DIR)/Pago-SwiftUI.app/$(BUNDLE_EXECUTABLE_FOLDER_PATH)/Pago-SwiftUI";
			};
			name = Release;
		};
/* End XCBuildConfiguration section */

/* Begin XCConfigurationList section */
		AC5A76DA2B2C427000F91FD5 /* Build configuration list for PBXProject "Pago-SwiftUI" */ = {
			isa = XCConfigurationList;
			buildConfigurations = (
				AC5A76EB2B2C427200F91FD5 /* Debug */,
				AC5A76EC2B2C427200F91FD5 /* Release */,
			);
			defaultConfigurationIsVisible = 0;
			defaultConfigurationName = Release;
		};
		AC5A76ED2B2C427200F91FD5 /* Build configuration list for PBXNativeTarget "Pago-SwiftUI" */ = {
			isa = XCConfigurationList;
			buildConfigurations = (
				AC5A76EE2B2C427200F91FD5 /* Debug */,
				AC5A76EF2B2C427200F91FD5 /* Release */,
			);
			defaultConfigurationIsVisible = 0;
			defaultConfigurationName = Release;
		};
		AC647A792B2F8627005193A9 /* Build configuration list for PBXNativeTarget "Pago-SwiftUITests" */ = {
			isa = XCConfigurationList;
			buildConfigurations = (
				AC647A7A2B2F8627005193A9 /* Debug */,
				AC647A7B2B2F8627005193A9 /* Release */,
			);
			defaultConfigurationIsVisible = 0;
			defaultConfigurationName = Release;
		};
/* End XCConfigurationList section */

/* Begin XCVersionGroup section */
		AC647A672B2F6294005193A9 /* CoreDataModel.xcdatamodeld */ = {
			isa = XCVersionGroup;
			children = (
				AC647A682B2F6294005193A9 /* CoreDataModel.xcdatamodel */,
			);
			currentVersion = AC647A682B2F6294005193A9 /* CoreDataModel.xcdatamodel */;
			path = CoreDataModel.xcdatamodeld;
			sourceTree = "<group>";
			versionGroupType = wrapper.xcdatamodel;
		};
/* End XCVersionGroup section */
	};
	rootObject = AC5A76D72B2C427000F91FD5 /* Project object */;
}
